Microsoft Visual Studio Solution File, Format Version 12.00
# Visual Studio Version 17
VisualStudioVersion = 17.5.2.0
MinimumVisualStudioVersion = 10.0.40219.1
Project("{FAE04EC0-301F-11D3-BF4B-00C04F79EFBC}") = "PolytopiaMinerskaggTribe", "PolytopiaMinerskaggTribe.csproj", "{3F0D709E-FA03-8990-6E5D-A29F50444E48}"
EndProject
Global
	GlobalSection(SolutionConfigurationPlatforms) = preSolution
		Debug|Any CPU = Debug|Any CPU
		Release|Any CPU = Release|Any CPU
	EndGlobalSection
	GlobalSection(ProjectConfigurationPlatforms) = postSolution
		{3F0D709E-FA03-8990-6E5D-A29F50444E48}.Debug|Any CPU.ActiveCfg = Debug|Any CPU
		{3F0D709E-FA03-8990-6E5D-A29F50444E48}.Debug|Any CPU.Build.0 = Debug|Any CPU
		{3F0D709E-FA03-8990-6E5D-A29F50444E48}.Release|Any CPU.ActiveCfg = Release|Any CPU
		{3F0D709E-FA03-8990-6E5D-A29F50444E48}.Release|Any CPU.Build.0 = Release|Any CPU
	EndGlobalSection
	GlobalSection(SolutionProperties) = preSolution
		HideSolutionNode = FALSE
	EndGlobalSection
	GlobalSection(ExtensibilityGlobals) = postSolution
		SolutionGuid = {D638FAB9-1446-4A4B-8A50-566B056CF8A3}
	EndGlobalSection
EndGlobal
